github.com/rogpeppe/go-internal v1.13.1 h1:KvO1DLK/DRN07sQ1LQKScxyZJuNnedQ5/wKSR38lUII=
github.com/rogpeppe/go-internal v1.13.1/go.mod h1:uMEvuHeurkdAXX61udpOXGD/AzZDWNMNyH2VO9fmH0o=
github.com/rwxrob/bonzai v0.50.0 h1:1WjfUYQV1EaJRqNX2R52+4FEPnYT76OmIyEzFb7moZI=
github.com/rwxrob/bonzai v0.50.0/go.mod h1:217QTdfv41+Dji8cAeko6oXcaPR9I31xvbOP9ksNx5U=
github.com/rwxrob/bonzai v0.56.4 h1:Xyu62tOFZb+mN1oVTIXps0QEDrtD0YQcGOyGufuzZPE=
github.com/rwxrob/bonzai v0.56.4/go.mod h1:217QTdfv41+Dji8cAeko6oXcaPR9I31xvbOP9ksNx5U=
github.com/rwxrob/bonzai v0.56.5 h1:0t60PHGt7jHoQtbqFaSU0t2xMlnKSKm3oFC5OGpRBxA=
github.com/rwxrob/bonzai v0.56.5/go.mod h1:217QTdfv41+Dji8cAeko6oXcaPR9I31xvbOP9ksNx5U=
github.com/rwxrob/bonzai/ds v0.1.1 h1:yC+GoUH/5TPt86qJmQRsD8OHuODJoDt9UgkWQM8yPzA=
github.com/rwxrob/bonzai/ds v0.1.1/go.mod h1:lMfjt9r8FsBDSzzZ/VtFSNIKuwhPPf9sfDi9C3x6sFo=
github.com/rwxrob/bonzai/fn v0.8.2 h1:th0470vtqB3mgXqgECNGpG738GFB9QNb5APGyY7QQFk=
github.com/rwxrob/bonzai/fn v0.8.2/go.mod h1:oTKXxqyfC279EUrinI2eYtsuAYXnDy/chtquKmcPhtk=
github.com/rwxrob/bonzai/fn v0.9.0 h1:8V5szq/rB5iYl+8YJjzI5kKXOkrnUdCCCHmCMqCghRQ=
github.com/rwxrob/bonzai/fn v0.9.0/go.mod h1:oTKXxqyfC279EUrinI2eYtsuAYXnDy/chtquKmcPhtk=
github.com/rwxrob/bonzai/futil v0.1.0 h1:+NcdqV+F15q6YHCvRIU8WogvrfXCp0EI8TwMwNXjGqs=
github.com/rwxrob/bonzai/futil v0.1.0/go.mod h1:KPQjnEXMs/YD3ZEzHeiNc/AS9iU2dWIb6weTWktXUT8=
github.com/rwxrob/bonzai/futil v0.4.0 h1:z642Vf9M1XIF5bVOybv8+MSXmfQf4rdFDNUgq+CCtdk=
github.com/rwxrob/bonzai/futil v0.4.0/go.mod h1:wobk3a1WuYjgqYZ+ezbjNupCpqaYceF2441M/FSm9GM=
github.com/rwxrob/bonzai/is v0.3.0 h1:bTUkpx2cj4JlKoap6RKAqix12SAP2h9H+BhhxQysnhg=
github.com/rwxrob/bonzai/is v0.3.0/go.mod h1:nxuqAGGBVYyq3bwXI0cFEl0xoAFVUrSJE7QVw81A3u8=
github.com/rwxrob/bonzai/mark/funcs v0.4.6 h1:OtAIKjpnwfEdr2RZUbKPtEzBNYhWSUUVnTRo0OUyyUs=
github.com/rwxrob/bonzai/mark/funcs v0.4.6/go.mod h1:WUoH2h3HtGDQPLpXuIgObXUpuVy0xcYtoRVTlHVcBfE=
github.com/rwxrob/bonzai/mark/funcs v0.4.7 h1:TBUIm5UqGYOfOTflzpuSSUIIBDc786Phsq+gv9r3HqM=
github.com/rwxrob/bonzai/mark/funcs v0.4.7/go.mod h1:WUoH2h3HtGDQPLpXuIgObXUpuVy0xcYtoRVTlHVcBfE=
github.com/rwxrob/bonzai/mark/funcs v0.5.0 h1:RDY4Ldh1y2Mpds59LNYMzLqGqyCjFBtcNMZ4k+i0Q0w=
github.com/rwxrob/bonzai/mark/funcs v0.5.0/go.mod h1:BEWY2GfpufUgctobZl3lykANRLnH+O9/Wj5wduw7oSQ=
github.com/rwxrob/bonzai/mark/funcs v0.6.0 h1:ljh1AdL0kFemy51TVXQR1aCuNr0nWqpa0vHqI0Aj+As=
github.com/rwxrob/bonzai/mark/funcs v0.6.0/go.mod h1:BEWY2GfpufUgctobZl3lykANRLnH+O9/Wj5wduw7oSQ=
github.com/rwxrob/bonzai/mark/funcs v0.7.0 h1:1sv4KdIwgidwONsQHVDaCLCRq8vdqcfzgSXPZUBRl7s=
github.com/rwxrob/bonzai/mark/funcs v0.7.0/go.mod h1:ZQ4HZi/1aWV3H5J9XNtpTItGsHesFBcJagVtedQUF2w=
github.com/rwxrob/bonzai/mark/funcs v0.8.0 h1:94/deDv/5JedfZcEfFO/Om2TUeZ3yhpyVDiJeNy8Erg=
github.com/rwxrob/bonzai/mark/funcs v0.8.0/go.mod h1:vHy/0M887S9KoMSh007MmJdNG788jbmwGjo/FNdtRfk=
github.com/rwxrob/bonzai/mark/funcs v0.8.2 h1:Cq7N0zHp+zHUHs47cy1BUIeA9XtEBR57l/dcebh9J4g=
github.com/rwxrob/bonzai/mark/funcs v0.8.2/go.mod h1:vHy/0M887S9KoMSh007MmJdNG788jbmwGjo/FNdtRfk=
github.com/rwxrob/bonzai/mark/funcs v0.8.3 h1:xnb6XS2suxJm5lY+/b6W39FnQ2nHYJKvblF/UM5oU/I=
github.com/rwxrob/bonzai/mark/funcs v0.8.3/go.mod h1:vHy/0M887S9KoMSh007MmJdNG788jbmwGjo/FNdtRfk=
github.com/rwxrob/bonzai/mark/funcs v0.8.4 h1:ygWowF46F9raikUkgPnPFwU4kmBtidGAAgyXoxPvxUY=
github.com/rwxrob/bonzai/mark/funcs v0.8.4/go.mod h1:vHy/0M887S9KoMSh007MmJdNG788jbmwGjo/FNdtRfk=
github.com/rwxrob/bonzai/run v0.7.0 h1:rP1GPxkLocijBVEs58duMymKTiyQfbthfoAh7VoThG0=
github.com/rwxrob/bonzai/run v0.7.0/go.mod h1:KhMNAJ3t78LDAHur60xiGA564UejG69PgV51k2QjXD8=
github.com/rwxrob/bonzai/scanner v0.1.0 h1:xPf5817Mt0lkm2GvygJIGBqq0sS7thvh5ceK3RjWhkQ=
github.com/rwxrob/bonzai/scanner v0.1.0/go.mod h1:JsWu2C9ytyKNzjYzDto89orF7iXk9qFXnOSh8ghAJQM=
github.com/rwxrob/bonzai/to v0.3.0 h1:kvaUizQJ2xRMKYWdtPqpMQaMiKfrYDO2DsEx4qUbB78=
github.com/rwxrob/bonzai/to v0.3.0/go.mod h1:Mi7H8ezLImb6NO4KG4oTMT9v526F2GK3W5epdB9QhuE=
github.com/rwxrob/bonzai/to v0.4.0 h1:Ijft42x/TVwcOe8XUh9j0pfnc/KXQN2FfS5wyH2QZxw=
github.com/rwxrob/bonzai/to v0.4.0/go.mod h1:ProJOc9G7ucgJMeZ72YPMczPHNrlSeWxXXrjKZYZ2jU=
github.com/rwxrob/bonzai/to v0.5.1 h1:SbpDurzNeioVbRLysv/pprJ58Q9zCfKYVzy/fJn1RGw=
github.com/rwxrob/bonzai/to v0.5.1/go.mod h1:ProJOc9G7ucgJMeZ72YPMczPHNrlSeWxXXrjKZYZ2jU=
github.com/rwxrob/bonzai/to v0.6.0 h1:o4xSWCnq2Vyd6VfWv1GFlU8ZrwfHODn4pRVmyl0ro0g=
github.com/rwxrob/bonzai/to v0.6.0/go.mod h1:ProJOc9G7ucgJMeZ72YPMczPHNrlSeWxXXrjKZYZ2jU=
github.com/rwxrob/bonzai/to v0.6.1 h1:DvY2q6tXGv+vMRkf9l2zib1mbQUuHTsKpj/AxXGz0/k=
github.com/rwxrob/bonzai/to v0.6.1/go.mod h1:ProJOc9G7ucgJMeZ72YPMczPHNrlSeWxXXrjKZYZ2jU=
github.com/rwxrob/bonzai/uniq v0.1.0 h1:xOlTWnaotslv1I0Nc+3+qXHxecoxNSROo871S2m3cq4=
github.com/rwxrob/bonzai/uniq v0.1.0/go.mod h1:RsSPso5Dhs1tYEjhuVA4b8DM5l0pQPhGebm8Lx5XHc8=
